
Microsoft Visual Studio Solution File, Format Version 12.00
# Visual Studio 15
VisualStudioVersion = 15.0.28307.489
MinimumVisualStudioVersion = 10.0.40219.1
Project("{FAE04EC0-301F-11D3-BF4B-00C04F79EFBC}") = "JoySetlistBot", "src\JoySetlistBot\JoySetlistBot.csproj", "{AA551AF0-58C9-46A6-97CF-66B12F2570C9}"
EndProject
Project("{FAE04EC0-301F-11D3-BF4B-00C04F79EFBC}") = "JoySetlistBotTests", "src\JoySetlistBotTests\JoySetlistBotTests.csproj", "{D6280B90-9634-4972-A458-8E83820C9214}"
EndProject
Global
	GlobalSection(SolutionConfigurationPlatforms) = preSolution
		Debug|Any CPU = Debug|Any CPU
		Release|Any CPU = Release|Any CPU
	EndGlobalSection
	GlobalSection(ProjectConfigurationPlatforms) = postSolution
		{AA551AF0-58C9-46A6-97CF-66B12F2570C9}.Debug|Any CPU.ActiveCfg = Debug|Any CPU
		{AA551AF0-58C9-46A6-97CF-66B12F2570C9}.Debug|Any CPU.Build.0 = Debug|Any CPU
		{AA551AF0-58C9-46A6-97CF-66B12F2570C9}.Release|Any CPU.ActiveCfg = Release|Any CPU
		{AA551AF0-58C9-46A6-97CF-66B12F2570C9}.Release|Any CPU.Build.0 = Release|Any CPU
		{D6280B90-9634-4972-A458-8E83820C9214}.Debug|Any CPU.ActiveCfg = Debug|Any CPU
		{D6280B90-9634-4972-A458-8E83820C9214}.Debug|Any CPU.Build.0 = Debug|Any CPU
		{D6280B90-9634-4972-A458-8E83820C9214}.Release|Any CPU.ActiveCfg = Release|Any CPU
		{D6280B90-9634-4972-A458-8E83820C9214}.Release|Any CPU.Build.0 = Release|Any CPU
	EndGlobalSection
	GlobalSection(SolutionProperties) = preSolution
		HideSolutionNode = FALSE
	EndGlobalSection
	GlobalSection(ExtensibilityGlobals) = postSolution
		SolutionGuid = {3121BF10-17F7-41E5-906D-2BE8983F5A4B}
	EndGlobalSection
EndGlobal
